
Microsoft Visual Studio Solution File, Format Version 12.00
# Visual Studio Version 16
VisualStudioVersion = 16.0.29519.181
MinimumVisualStudioVersion = 10.0.40219.1
Project("{FAE04EC0-301F-11D3-BF4B-00C04F79EFBC}") = "Codeathon in Word", "WordCodeRunWeb\Codeathon in Word.csproj", "{9D3D4DE2-C249-4304-96FE-87A146FCFDA8}"
EndProject
Project("{FAE04EC0-301F-11D3-BF4B-00C04F79EFBC}") = "WordCodeRunWebWeb", "WordCodeRunWebWeb\WordCodeRunWebWeb.csproj", "{B4AA2FFF-09CC-4120-8974-F8BC7E039756}"
EndProject
Global
	GlobalSection(SolutionConfigurationPlatforms) = preSolution
		Debug|Any CPU = Debug|Any CPU
		Release|Any CPU = Release|Any CPU
	EndGlobalSection
	GlobalSection(ProjectConfigurationPlatforms) = postSolution
		{9D3D4DE2-C249-4304-96FE-87A146FCFDA8}.Debug|Any CPU.ActiveCfg = Debug|Any CPU
		{9D3D4DE2-C249-4304-96FE-87A146FCFDA8}.Debug|Any CPU.Build.0 = Debug|Any CPU
		{9D3D4DE2-C249-4304-96FE-87A146FCFDA8}.Debug|Any CPU.Deploy.0 = Debug|Any CPU
		{9D3D4DE2-C249-4304-96FE-87A146FCFDA8}.Release|Any CPU.ActiveCfg = Release|Any CPU
		{9D3D4DE2-C249-4304-96FE-87A146FCFDA8}.Release|Any CPU.Build.0 = Release|Any CPU
		{9D3D4DE2-C249-4304-96FE-87A146FCFDA8}.Release|Any CPU.Deploy.0 = Release|Any CPU
		{B4AA2FFF-09CC-4120-8974-F8BC7E039756}.Debug|Any CPU.ActiveCfg = Debug|Any CPU
		{B4AA2FFF-09CC-4120-8974-F8BC7E039756}.Debug|Any CPU.Build.0 = Debug|Any CPU
		{B4AA2FFF-09CC-4120-8974-F8BC7E039756}.Release|Any CPU.ActiveCfg = Release|Any CPU
		{B4AA2FFF-09CC-4120-8974-F8BC7E039756}.Release|Any CPU.Build.0 = Release|Any CPU
	EndGlobalSection
	GlobalSection(SolutionProperties) = preSolution
		HideSolutionNode = FALSE
	EndGlobalSection
	GlobalSection(ExtensibilityGlobals) = postSolution
		SolutionGuid = {A59D24D2-4EC0-4D5E-90EB-039D19367D79}
	EndGlobalSection
EndGlobal
